
Microsoft Visual Studio Solution File, Format Version 12.00
# Visual Studio Version 16
VisualStudioVersion = 16.0.31205.134
MinimumVisualStudioVersion = 10.0.40219.1
Project("{FAE04EC0-301F-11D3-BF4B-00C04F79EFBC}") = "MyLibrary", "MyLibrary\MyLibrary.csproj", "{BB175301-0638-413C-A05B-64CDE772FD95}"
EndProject
Global
	GlobalSection(SolutionConfigurationPlatforms) = preSolution
		Debug|Any CPU = Debug|Any CPU
		Release|Any CPU = Release|Any CPU
	EndGlobalSection
	GlobalSection(ProjectConfigurationPlatforms) = postSolution
		{BB175301-0638-413C-A05B-64CDE772FD95}.Debug|Any CPU.ActiveCfg = Debug|Any CPU
		{BB175301-0638-413C-A05B-64CDE772FD95}.Debug|Any CPU.Build.0 = Debug|Any CPU
		{BB175301-0638-413C-A05B-64CDE772FD95}.Release|Any CPU.ActiveCfg = Release|Any CPU
		{BB175301-0638-413C-A05B-64CDE772FD95}.Release|Any CPU.Build.0 = Release|Any CPU
	EndGlobalSection
	GlobalSection(SolutionProperties) = preSolution
		HideSolutionNode = FALSE
	EndGlobalSection
	GlobalSection(ExtensibilityGlobals) = postSolution
		SolutionGuid = {AB118577-0858-4914-BBC5-7CC6E25C4253}
	EndGlobalSection
EndGlobal
